// !$*UTF8*$!
{
	archiveVersion = 1;
	classes = {
	};
	objectVersion = 46;
	objects = {

/* Begin PBXBuildFile section */
		433EEEEF6B29D71CF3958BA4 /* libPods-GDHNetworkDemo.a in Frameworks */ = {isa = PBXBuildFile; fileRef = 72D8484DED4BAFB8414799D2 /* libPods-GDHNetworkDemo.a */; };
		A61607371DE80D6100EE498A /* main.m in Sources */ = {isa = PBXBuildFile; fileRef = A61607361DE80D6100EE498A /* main.m */; };
		A616073A1DE80D6100EE498A /* AppDelegate.m in Sources */ = {isa = PBXBuildFile; fileRef = A61607391DE80D6100EE498A /* AppDelegate.m */; };
		A616073D1DE80D6100EE498A /* ViewController.m in Sources */ = {isa = PBXBuildFile; fileRef = A616073C1DE80D6100EE498A /* ViewController.m */; };
		A61607401DE80D6100EE498A /* Main.storyboard in Resources */ = {isa = PBXBuildFile; fileRef = A616073E1DE80D6100EE498A /* Main.storyboard */; };
		A61607421DE80D6100EE498A /* Assets.xcassets in Resources */ = {isa = PBXBuildFile; fileRef = A61607411DE80D6100EE498A /* Assets.xcassets */; };
		A61607451DE80D6100EE498A /* LaunchScreen.storyboard in Resources */ = {isa = PBXBuildFile; fileRef = A61607431DE80D6100EE498A /* LaunchScreen.storyboard */; };
		A61607501DE80D6100EE498A /* GDHNetworkDemoTests.m in Sources */ = {isa = PBXBuildFile; fileRef = A616074F1DE80D6100EE498A /* GDHNetworkDemoTests.m */; };
		A616075B1DE80D6100EE498A /* GDHNetworkDemoUITests.m in Sources */ = {isa = PBXBuildFile; fileRef = A616075A1DE80D6100EE498A /* GDHNetworkDemoUITests.m */; };
		A61607781DE80EA700EE498A /* GDHNetworkManager.m in Sources */ = {isa = PBXBuildFile; fileRef = A616076D1DE80EA700EE498A /* GDHNetworkManager.m */; };
		A61607791DE80EA700EE498A /* GDHNetworkObject.m in Sources */ = {isa = PBXBuildFile; fileRef = A616076F1DE80EA700EE498A /* GDHNetworkObject.m */; };
		A616077A1DE80EA700EE498A /* error.png in Resources */ = {isa = PBXBuildFile; fileRef = A61607711DE80EA700EE498A /* error.png */; };
		A616077B1DE80EA700EE498A /* error@2x.png in Resources */ = {isa = PBXBuildFile; fileRef = A61607721DE80EA700EE498A /* error@2x.png */; };
		A616077C1DE80EA700EE498A /* success.png in Resources */ = {isa = PBXBuildFile; fileRef = A61607731DE80EA700EE498A /* success.png */; };
		A616077D1DE80EA700EE498A /* success@2x.png in Resources */ = {isa = PBXBuildFile; fileRef = A61607741DE80EA700EE498A /* success@2x.png */; };
		A616077E1DE80EA700EE498A /* MBProgressHUD+Add.m in Sources */ = {isa = PBXBuildFile; fileRef = A61607761DE80EA700EE498A /* MBProgressHUD+Add.m */; };
		A61607831DE8118300EE498A /* GDHNetworkAPI.m in Sources */ = {isa = PBXBuildFile; fileRef = A61607821DE8118300EE498A /* GDHNetworkAPI.m */; };
		A61607861DE8259300EE498A /* GDHNetwokOther.m in Sources */ = {isa = PBXBuildFile; fileRef = A61607851DE8259300EE498A /* GDHNetwokOther.m */; };
/* End PBXBuildFile section */

/* Begin PBXContainerItemProxy section */
		A616074C1DE80D6100EE498A /* PBXContainerItemProxy */ = {
			isa = PBXContainerItemProxy;
			containerPortal = A616072A1DE80D6000EE498A /* Project object */;
			proxyType = 1;
			remoteGlobalIDString = A61607311DE80D6000EE498A;
			remoteInfo = GDHNetworkDemo;
		};
		A61607571DE80D6100EE498A /* PBXContainerItemProxy */ = {
			isa = PBXContainerItemProxy;
			containerPortal = A616072A1DE80D6000EE498A /* Project object */;
			proxyType = 1;
			remoteGlobalIDString = A61607311DE80D6000EE498A;
			remoteInfo = GDHNetworkDemo;
		};
/* End PBXContainerItemProxy section */

/* Begin PBXFileReference section */
		2D5B9326331D9231E7F7714B /* Pods-GDHNetworkDemo.debug.xcconfig */ = {isa = PBXFileReference; includeInIndex = 1; lastKnownFileType = text.xcconfig; name = "Pods-GDHNetworkDemo.debug.xcconfig"; path = "Pods/Target Support Files/Pods-GDHNetworkDemo/Pods-GDHNetworkDemo.debug.xcconfig"; sourceTree = "<group>"; };
		72D8484DED4BAFB8414799D2 /* libPods-GDHNetworkDemo.a */ = {isa = PBXFileReference; explicitFileType = archive.ar; includeInIndex = 0; path = "libPods-GDHNetworkDemo.a"; sourceTree = BUILT_PRODUCTS_DIR; };
		A61607321DE80D6000EE498A /* GDHNetworkDemo.app */ = {isa = PBXFileReference; explicitFileType = wrapper.application; includeInIndex = 0; path = GDHNetworkDemo.app; sourceTree = BUILT_PRODUCTS_DIR; };
		A61607361DE80D6100EE498A /* main.m */ = {isa = PBXFileReference; lastKnownFileType = sourcecode.c.objc; path = main.m; sourceTree = "<group>"; };
		A61607381DE80D6100EE498A /* AppDelegate.h */ = {isa = PBXFileReference; lastKnownFileType = sourcecode.c.h; path = AppDelegate.h; sourceTree = "<group>"; };
		A61607391DE80D6100EE498A /* AppDelegate.m */ = {isa = PBXFileReference; lastKnownFileType = sourcecode.c.objc; path = AppDelegate.m; sourceTree = "<group>"; };
		A616073B1DE80D6100EE498A /* ViewController.h */ = {isa = PBXFileReference; lastKnownFileType = sourcecode.c.h; path = ViewController.h; sourceTree = "<group>"; };
		A616073C1DE80D6100EE498A /* ViewController.m */ = {isa = PBXFileReference; lastKnownFileType = sourcecode.c.objc; path = ViewController.m; sourceTree = "<group>"; };
		A616073F1DE80D6100EE498A /* Base */ = {isa = PBXFileReference; lastKnownFileType = file.storyboard; name = Base; path = Base.lproj/Main.storyboard; sourceTree = "<group>"; };
		A61607411DE80D6100EE498A /* Assets.xcassets */ = {isa = PBXFileReference; lastKnownFileType = folder.assetcatalog; path = Assets.xcassets; sourceTree = "<group>"; };
		A61607441DE80D6100EE498A /* Base */ = {isa = PBXFileReference; lastKnownFileType = file.storyboard; name = Base; path = Base.lproj/LaunchScreen.storyboard; sourceTree = "<group>"; };
		A61607461DE80D6100EE498A /* Info.plist */ = {isa = PBXFileReference; lastKnownFileType = text.plist.xml; path = Info.plist; sourceTree = "<group>"; };
		A616074B1DE80D6100EE498A /* GDHNetworkDemoTests.xctest */ = {isa = PBXFileReference; explicitFileType = wrapper.cfbundle; includeInIndex = 0; path = GDHNetworkDemoTests.xctest; sourceTree = BUILT_PRODUCTS_DIR; };
		A616074F1DE80D6100EE498A /* GDHNetworkDemoTests.m */ = {isa = PBXFileReference; lastKnownFileType = sourcecode.c.objc; path = GDHNetworkDemoTests.m; sourceTree = "<group>"; };
		A61607511DE80D6100EE498A /* Info.plist */ = {isa = PBXFileReference; lastKnownFileType = text.plist.xml; path = Info.plist; sourceTree = "<group>"; };
		A61607561DE80D6100EE498A /* GDHNetworkDemoUITests.xctest */ = {isa = PBXFileReference; explicitFileType = wrapper.cfbundle; includeInIndex = 0; path = GDHNetworkDemoUITests.xctest; sourceTree = BUILT_PRODUCTS_DIR; };
		A616075A1DE80D6100EE498A /* GDHNetworkDemoUITests.m */ = {isa = PBXFileReference; lastKnownFileType = sourcecode.c.objc; path = GDHNetworkDemoUITests.m; sourceTree = "<group>"; };
		A616075C1DE80D6100EE498A /* Info.plist */ = {isa = PBXFileReference; lastKnownFileType = text.plist.xml; path = Info.plist; sourceTree = "<group>"; };
		A616076A1DE80EA700EE498A /* GDHNetwork.h */ = {isa = PBXFileReference; fileEncoding = 4; lastKnownFileType = sourcecode.c.h; path = GDHNetwork.h; sourceTree = "<group>"; };
		A616076C1DE80EA700EE498A /* GDHNetworkManager.h */ = {isa = PBXFileReference; fileEncoding = 4; lastKnownFileType = sourcecode.c.h; path = GDHNetworkManager.h; sourceTree = "<group>"; };
		A616076D1DE80EA700EE498A /* GDHNetworkManager.m */ = {isa = PBXFileReference; fileEncoding = 4; lastKnownFileType = sourcecode.c.objc; path = GDHNetworkManager.m; sourceTree = "<group>"; };
		A616076E1DE80EA700EE498A /* GDHNetworkObject.h */ = {isa = PBXFileReference; fileEncoding = 4; lastKnownFileType = sourcecode.c.h; path = GDHNetworkObject.h; sourceTree = "<group>"; };
		A616076F1DE80EA700EE498A /* GDHNetworkObject.m */ = {isa = PBXFileReference; fileEncoding = 4; lastKnownFileType = sourcecode.c.objc; path = GDHNetworkObject.m; sourceTree = "<group>"; };
		A61607711DE80EA700EE498A /* error.png */ = {isa = PBXFileReference; lastKnownFileType = image.png; path = error.png; sourceTree = "<group>"; };
		A61607721DE80EA700EE498A /* error@2x.png */ = {isa = PBXFileReference; lastKnownFileType = image.png; path = "error@2x.png"; sourceTree = "<group>"; };
		A61607731DE80EA700EE498A /* success.png */ = {isa = PBXFileReference; lastKnownFileType = image.png; path = success.png; sourceTree = "<group>"; };
		A61607741DE80EA700EE498A /* success@2x.png */ = {isa = PBXFileReference; lastKnownFileType = image.png; path = "success@2x.png"; sourceTree = "<group>"; };
		A61607751DE80EA700EE498A /* MBProgressHUD+Add.h */ = {isa = PBXFileReference; fileEncoding = 4; lastKnownFileType = sourcecode.c.h; path = "MBProgressHUD+Add.h"; sourceTree = "<group>"; };
		A61607761DE80EA700EE498A /* MBProgressHUD+Add.m */ = {isa = PBXFileReference; fileEncoding = 4; lastKnownFileType = sourcecode.c.objc; path = "MBProgressHUD+Add.m"; sourceTree = "<group>"; };
		A61607811DE8118300EE498A /* GDHNetworkAPI.h */ = {isa = PBXFileReference; fileEncoding = 4; lastKnownFileType = sourcecode.c.h; path = GDHNetworkAPI.h; sourceTree = "<group>"; };
		A61607821DE8118300EE498A /* GDHNetworkAPI.m */ = {isa = PBXFileReference; fileEncoding = 4; lastKnownFileType = sourcecode.c.objc; path = GDHNetworkAPI.m; sourceTree = "<group>"; };
		A61607841DE8259300EE498A /* GDHNetwokOther.h */ = {isa = PBXFileReference; fileEncoding = 4; lastKnownFileType = sourcecode.c.h; path = GDHNetwokOther.h; sourceTree = "<group>"; };
		A61607851DE8259300EE498A /* GDHNetwokOther.m */ = {isa = PBXFileReference; fileEncoding = 4; lastKnownFileType = sourcecode.c.objc; path = GDHNetwokOther.m; sourceTree = "<group>"; };
		AF2090E7C3B09656ACD01AD1 /* Pods-GDHNetworkDemo.release.xcconfig */ = {isa = PBXFileReference; includeInIndex = 1; lastKnownFileType = text.xcconfig; name = "Pods-GDHNetworkDemo.release.xcconfig"; path = "Pods/Target Support Files/Pods-GDHNetworkDemo/Pods-GDHNetworkDemo.release.xcconfig"; sourceTree = "<group>"; };
/* End PBXFileReference section */

/* Begin PBXFrameworksBuildPhase section */
		A616072F1DE80D6000EE498A /* Frameworks */ = {
			isa = PBXFrameworksBuildPhase;
			buildActionMask = 2147483647;
			files = (
				433EEEEF6B29D71CF3958BA4 /* libPods-GDHNetworkDemo.a in Frameworks */,
			);
			runOnlyForDeploymentPostprocessing = 0;
		};
		A61607481DE80D6100EE498A /* Frameworks */ = {
			isa = PBXFrameworksBuildPhase;
			buildActionMask = 2147483647;
			files = (
			);
			runOnlyForDeploymentPostprocessing = 0;
		};
		A61607531DE80D6100EE498A /* Frameworks */ = {
			isa = PBXFrameworksBuildPhase;
			buildActionMask = 2147483647;
			files = (
			);
			runOnlyForDeploymentPostprocessing = 0;
		};
/* End PBXFrameworksBuildPhase section */

/* Begin PBXGroup section */
		058CD2054E2E25F6179CBB70 /* Pods */ = {
			isa = PBXGroup;
			children = (
				2D5B9326331D9231E7F7714B /* Pods-GDHNetworkDemo.debug.xcconfig */,
				AF2090E7C3B09656ACD01AD1 /* Pods-GDHNetworkDemo.release.xcconfig */,
			);
			name = Pods;
			sourceTree = "<group>";
		};
		563058A2406C3CF729D784B7 /* Frameworks */ = {
			isa = PBXGroup;
			children = (
				72D8484DED4BAFB8414799D2 /* libPods-GDHNetworkDemo.a */,
			);
			name = Frameworks;
			sourceTree = "<group>";
		};
		A61607291DE80D6000EE498A = {
			isa = PBXGroup;
			children = (
				A61607341DE80D6100EE498A /* GDHNetworkDemo */,
				A616074E1DE80D6100EE498A /* GDHNetworkDemoTests */,
				A61607591DE80D6100EE498A /* GDHNetworkDemoUITests */,
				A61607331DE80D6100EE498A /* Products */,
				058CD2054E2E25F6179CBB70 /* Pods */,
				563058A2406C3CF729D784B7 /* Frameworks */,
			);
			sourceTree = "<group>";
		};
		A61607331DE80D6100EE498A /* Products */ = {
			isa = PBXGroup;
			children = (
				A61607321DE80D6000EE498A /* GDHNetworkDemo.app */,
				A616074B1DE80D6100EE498A /* GDHNetworkDemoTests.xctest */,
				A61607561DE80D6100EE498A /* GDHNetworkDemoUITests.xctest */,
			);
			name = Products;
			sourceTree = "<group>";
		};
		A61607341DE80D6100EE498A /* GDHNetworkDemo */ = {
			isa = PBXGroup;
			children = (
				A61607681DE80EA700EE498A /* GDHNetwork */,
				A61607801DE8118300EE498A /* NetworkAPI */,
				A61607381DE80D6100EE498A /* AppDelegate.h */,
				A61607391DE80D6100EE498A /* AppDelegate.m */,
				A616073B1DE80D6100EE498A /* ViewController.h */,
				A616073C1DE80D6100EE498A /* ViewController.m */,
				A616073E1DE80D6100EE498A /* Main.storyboard */,
				A61607411DE80D6100EE498A /* Assets.xcassets */,
				A61607431DE80D6100EE498A /* LaunchScreen.storyboard */,
				A61607461DE80D6100EE498A /* Info.plist */,
				A61607351DE80D6100EE498A /* Supporting Files */,
			);
			path = GDHNetworkDemo;
			sourceTree = "<group>";
		};
		A61607351DE80D6100EE498A /* Supporting Files */ = {
			isa = PBXGroup;
			children = (
				A61607361DE80D6100EE498A /* main.m */,
			);
			name = "Supporting Files";
			sourceTree = "<group>";
		};
		A616074E1DE80D6100EE498A /* GDHNetworkDemoTests */ = {
			isa = PBXGroup;
			children = (
				A616074F1DE80D6100EE498A /* GDHNetworkDemoTests.m */,
				A61607511DE80D6100EE498A /* Info.plist */,
			);
			path = GDHNetworkDemoTests;
			sourceTree = "<group>";
		};
		A61607591DE80D6100EE498A /* GDHNetworkDemoUITests */ = {
			isa = PBXGroup;
			children = (
				A616075A1DE80D6100EE498A /* GDHNetworkDemoUITests.m */,
				A616075C1DE80D6100EE498A /* Info.plist */,
			);
			path = GDHNetworkDemoUITests;
			sourceTree = "<group>";
		};
		A61607681DE80EA700EE498A /* GDHNetwork */ = {
			isa = PBXGroup;
			children = (
				A616076A1DE80EA700EE498A /* GDHNetwork.h */,
				A616076C1DE80EA700EE498A /* GDHNetworkManager.h */,
				A616076D1DE80EA700EE498A /* GDHNetworkManager.m */,
				A616076E1DE80EA700EE498A /* GDHNetworkObject.h */,
				A616076F1DE80EA700EE498A /* GDHNetworkObject.m */,
				A61607841DE8259300EE498A /* GDHNetwokOther.h */,
				A61607851DE8259300EE498A /* GDHNetwokOther.m */,
				A61607701DE80EA700EE498A /* images */,
				A61607751DE80EA700EE498A /* MBProgressHUD+Add.h */,
				A61607761DE80EA700EE498A /* MBProgressHUD+Add.m */,
			);
			path = GDHNetwork;
			sourceTree = SOURCE_ROOT;
		};
		A61607701DE80EA700EE498A /* images */ = {
			isa = PBXGroup;
			children = (
				A61607711DE80EA700EE498A /* error.png */,
				A61607721DE80EA700EE498A /* error@2x.png */,
				A61607731DE80EA700EE498A /* success.png */,
				A61607741DE80EA700EE498A /* success@2x.png */,
			);
			path = images;
			sourceTree = "<group>";
		};
		A61607801DE8118300EE498A /* NetworkAPI */ = {
			isa = PBXGroup;
			children = (
				A61607811DE8118300EE498A /* GDHNetworkAPI.h */,
				A61607821DE8118300EE498A /* GDHNetworkAPI.m */,
			);
			path = NetworkAPI;
			sourceTree = "<group>";
		};
/* End PBXGroup section */

/* Begin PBXNativeTarget section */
		A61607311DE80D6000EE498A /* GDHNetworkDemo */ = {
			isa = PBXNativeTarget;
			buildConfigurationList = A616075F1DE80D6100EE498A /* Build configuration list for PBXNativeTarget "GDHNetworkDemo" */;
			buildPhases = (
				6692DFF7F4D44AABF327AD4E /* [CP] Check Pods Manifest.lock */,
				A616072E1DE80D6000EE498A /* Sources */,
				A616072F1DE80D6000EE498A /* Frameworks */,
				A61607301DE80D6000EE498A /* Resources */,
				1463433F26F3B991EB57A8A6 /* [CP] Embed Pods Frameworks */,
				2D8895A1A1D3EC176A20094F /* [CP] Copy Pods Resources */,
			);
			buildRules = (
			);
			dependencies = (
			);
			name = GDHNetworkDemo;
			productName = GDHNetworkDemo;
			productReference = A61607321DE80D6000EE498A /* GDHNetworkDemo.app */;
			productType = "com.apple.product-type.application";
		};
		A616074A1DE80D6100EE498A /* GDHNetworkDemoTests */ = {
			isa = PBXNativeTarget;
			buildConfigurationList = A61607621DE80D6100EE498A /* Build configuration list for PBXNativeTarget "GDHNetworkDemoTests" */;
			buildPhases = (
				A61607471DE80D6100EE498A /* Sources */,
				A61607481DE80D6100EE498A /* Frameworks */,
				A61607491DE80D6100EE498A /* Resources */,
			);
			buildRules = (
			);
			dependencies = (
				A616074D1DE80D6100EE498A /* PBXTargetDependency */,
			);
			name = GDHNetworkDemoTests;
			productName = GDHNetworkDemoTests;
			productReference = A616074B1DE80D6100EE498A /* GDHNetworkDemoTests.xctest */;
			productType = "com.apple.product-type.bundle.unit-test";
		};
		A61607551DE80D6100EE498A /* GDHNetworkDemoUITests */ = {
			isa = PBXNativeTarget;
			buildConfigurationList = A61607651DE80D6100EE498A /* Build configuration list for PBXNativeTarget "GDHNetworkDemoUITests" */;
			buildPhases = (
				A61607521DE80D6100EE498A /* Sources */,
				A61607531DE80D6100EE498A /* Frameworks */,
				A61607541DE80D6100EE498A /* Resources */,
			);
			buildRules = (
			);
			dependencies = (
				A61607581DE80D6100EE498A /* PBXTargetDependency */,
			);
			name = GDHNetworkDemoUITests;
			productName = GDHNetworkDemoUITests;
			productReference = A61607561DE80D6100EE498A /* GDHNetworkDemoUITests.xctest */;
			productType = "com.apple.product-type.bundle.ui-testing";
		};
/* End PBXNativeTarget section */

/* Begin PBXProject section */
		A616072A1DE80D6000EE498A /* Project object */ = {
			isa = PBXProject;
			attributes = {
				LastUpgradeCheck = 0810;
				ORGANIZATIONNAME = GaoFei;
				TargetAttributes = {
					A61607311DE80D6000EE498A = {
						CreatedOnToolsVersion = 8.1;
						DevelopmentTeam = XQAXV8H896;
						ProvisioningStyle = Automatic;
					};
					A616074A1DE80D6100EE498A = {
						CreatedOnToolsVersion = 8.1;
						DevelopmentTeam = XQAXV8H896;
						ProvisioningStyle = Automatic;
						TestTargetID = A61607311DE80D6000EE498A;
					};
					A61607551DE80D6100EE498A = {
						CreatedOnToolsVersion = 8.1;
						DevelopmentTeam = XQAXV8H896;
						ProvisioningStyle = Automatic;
						TestTargetID = A61607311DE80D6000EE498A;
					};
				};
			};
			buildConfigurationList = A616072D1DE80D6000EE498A /* Build configuration list for PBXProject "GDHNetworkDemo" */;
			compatibilityVersion = "Xcode 3.2";
			developmentRegion = English;
			hasScannedForEncodings = 0;
			knownRegions = (
				en,
				Base,
			);
			mainGroup = A61607291DE80D6000EE498A;
			productRefGroup = A61607331DE80D6100EE498A /* Products */;
			projectDirPath = "";
			projectRoot = "";
			targets = (
				A61607311DE80D6000EE498A /* GDHNetworkDemo */,
				A616074A1DE80D6100EE498A /* GDHNetworkDemoTests */,
				A61607551DE80D6100EE498A /* GDHNetworkDemoUITests */,
			);
		};
/* End PBXProject section */

/* Begin PBXResourcesBuildPhase section */
		A61607301DE80D6000EE498A /* Resources */ = {
			isa = PBXResourcesBuildPhase;
			buildActionMask = 2147483647;
			files = (
				A616077D1DE80EA700EE498A /* success@2x.png in Resources */,
				A61607451DE80D6100EE498A /* LaunchScreen.storyboard in Resources */,
				A616077C1DE80EA700EE498A /* success.png in Resources */,
				A616077B1DE80EA700EE498A /* error@2x.png in Resources */,
				A61607421DE80D6100EE498A /* Assets.xcassets in Resources */,
				A616077A1DE80EA700EE498A /* error.png in Resources */,
				A61607401DE80D6100EE498A /* Main.storyboard in Resources */,
			);
			runOnlyForDeploymentPostprocessing = 0;
		};
		A61607491DE80D6100EE498A /* Resources */ = {
			isa = PBXResourcesBuildPhase;
			buildActionMask = 2147483647;
			files = (
			);
			runOnlyForDeploymentPostprocessing = 0;
		};
		A61607541DE80D6100EE498A /* Resources */ = {
			isa = PBXResourcesBuildPhase;
			buildActionMask = 2147483647;
			files = (
			);
			runOnlyForDeploymentPostprocessing = 0;
		};
/* End PBXResourcesBuildPhase section */

/* Begin PBXShellScriptBuildPhase section */
		1463433F26F3B991EB57A8A6 /* [CP] Embed Pods Frameworks */ = {
			isa = PBXShellScriptBuildPhase;
			buildActionMask = 2147483647;
			files = (
			);
			inputPaths = (
			);
			name = "[CP] Embed Pods Frameworks";
			outputPaths = (
			);
			runOnlyForDeploymentPostprocessing = 0;
			shellPath = /bin/sh;
			shellScript = "\"${SRCROOT}/Pods/Target Support Files/Pods-GDHNetworkDemo/Pods-GDHNetworkDemo-frameworks.sh\"\n";
			showEnvVarsInLog = 0;
		};
		2D8895A1A1D3EC176A20094F /* [CP] Copy Pods Resources */ = {
			isa = PBXShellScriptBuildPhase;
			buildActionMask = 2147483647;
			files = (
			);
			inputPaths = (
			);
			name = "[CP] Copy Pods Resources";
			outputPaths = (
			);
			runOnlyForDeploymentPostprocessing = 0;
			shellPath = /bin/sh;
			shellScript = "\"${SRCROOT}/Pods/Target Support Files/Pods-GDHNetworkDemo/Pods-GDHNetworkDemo-resources.sh\"\n";
			showEnvVarsInLog = 0;
		};
		6692DFF7F4D44AABF327AD4E /* [CP] Check Pods Manifest.lock */ = {
			isa = PBXShellScriptBuildPhase;
			buildActionMask = 2147483647;
			files = (
			);
			inputPaths = (
			);
			name = "[CP] Check Pods Manifest.lock";
			outputPaths = (
			);
			runOnlyForDeploymentPostprocessing = 0;
			shellPath = /bin/sh;
			shellScript = "diff \"${PODS_ROOT}/../Podfile.lock\" \"${PODS_ROOT}/Manifest.lock\" > /dev/null\nif [[ $? != 0 ]] ; then\n    cat << EOM\nerror: The sandbox is not in sync with the Podfile.lock. Run 'pod install' or update your CocoaPods installation.\nEOM\n    exit 1\nfi\n";
			showEnvVarsInLog = 0;
		};
/* End PBXShellScriptBuildPhase section */

/* Begin PBXSourcesBuildPhase section */
		A616072E1DE80D6000EE498A /* Sources */ = {
			isa = PBXSourcesBuildPhase;
			buildActionMask = 2147483647;
			files = (
				A61607861DE8259300EE498A /* GDHNetwokOther.m in Sources */,
				A61607831DE8118300EE498A /* GDHNetworkAPI.m in Sources */,
				A616073D1DE80D6100EE498A /* ViewController.m in Sources */,
				A616077E1DE80EA700EE498A /* MBProgressHUD+Add.m in Sources */,
				A61607791DE80EA700EE498A /* GDHNetworkObject.m in Sources */,
				A616073A1DE80D6100EE498A /* AppDelegate.m in Sources */,
				A61607781DE80EA700EE498A /* GDHNetworkManager.m in Sources */,
				A61607371DE80D6100EE498A /* main.m in Sources */,
			);
			runOnlyForDeploymentPostprocessing = 0;
		};
		A61607471DE80D6100EE498A /* Sources */ = {
			isa = PBXSourcesBuildPhase;
			buildActionMask = 2147483647;
			files = (
				A61607501DE80D6100EE498A /* GDHNetworkDemoTests.m in Sources */,
			);
			runOnlyForDeploymentPostprocessing = 0;
		};
		A61607521DE80D6100EE498A /* Sources */ = {
			isa = PBXSourcesBuildPhase;
			buildActionMask = 2147483647;
			files = (
				A616075B1DE80D6100EE498A /* GDHNetworkDemoUITests.m in Sources */,
			);
			runOnlyForDeploymentPostprocessing = 0;
		};
/* End PBXSourcesBuildPhase section */

/* Begin PBXTargetDependency section */
		A616074D1DE80D6100EE498A /* PBXTargetDependency */ = {
			isa = PBXTargetDependency;
			target = A61607311DE80D6000EE498A /* GDHNetworkDemo */;
			targetProxy = A616074C1DE80D6100EE498A /* PBXContainerItemProxy */;
		};
		A61607581DE80D6100EE498A /* PBXTargetDependency */ = {
			isa = PBXTargetDependency;
			target = A61607311DE80D6000EE498A /* GDHNetworkDemo */;
			targetProxy = A61607571DE80D6100EE498A /* PBXContainerItemProxy */;
		};
/* End PBXTargetDependency section */

/* Begin PBXVariantGroup section */
		A616073E1DE80D6100EE498A /* Main.storyboard */ = {
			isa = PBXVariantGroup;
			children = (
				A616073F1DE80D6100EE498A /* Base */,
			);
			name = Main.storyboard;
			sourceTree = "<group>";
		};
		A61607431DE80D6100EE498A /* LaunchScreen.storyboard */ = {
			isa = PBXVariantGroup;
			children = (
				A61607441DE80D6100EE498A /* Base */,
			);
			name = LaunchScreen.storyboard;
			sourceTree = "<group>";
		};
/* End PBXVariantGroup section */

/* Begin XCBuildConfiguration section */
		A616075D1DE80D6100EE498A /* Debug */ = {
			isa = XCBuildConfiguration;
			buildSettings = {
				ALWAYS_SEARCH_USER_PATHS = NO;
				CLANG_ANALYZER_NONNULL = YES;
				CLANG_CXX_LANGUAGE_STANDARD = "gnu++0x";
				CLANG_CXX_LIBRARY = "libc++";
				CLANG_ENABLE_MODULES = YES;
				CLANG_ENABLE_OBJC_ARC = YES;
				CLANG_WARN_BOOL_CONVERSION = YES;
				CLANG_WARN_CONSTANT_CONVERSION = YES;
				CLANG_WARN_DIRECT_OBJC_ISA_USAGE = YES_ERROR;
				CLANG_WARN_DOCUMENTATION_COMMENTS = YES;
				CLANG_WARN_EMPTY_BODY = YES;
				CLANG_WARN_ENUM_CONVERSION = YES;
				CLANG_WARN_INFINITE_RECURSION = YES;
				CLANG_WARN_INT_CONVERSION = YES;
				CLANG_WARN_OBJC_ROOT_CLASS = YES_ERROR;
				CLANG_WARN_SUSPICIOUS_MOVE = YES;
				CLANG_WARN_SUSPICIOUS_MOVES = YES;
				CLANG_WARN_UNREACHABLE_CODE = YES;
				CLANG_WARN__DUPLICATE_METHOD_MATCH = YES;
				"CODE_SIGN_IDENTITY[sdk=iphoneos*]" = "iPhone Developer";
				COPY_PHASE_STRIP = NO;
				DEBUG_INFORMATION_FORMAT = dwarf;
				ENABLE_STRICT_OBJC_MSGSEND = YES;
				ENABLE_TESTABILITY = YES;
				GCC_C_LANGUAGE_STANDARD = gnu99;
				GCC_DYNAMIC_NO_PIC = NO;
				GCC_NO_COMMON_BLOCKS = YES;
				GCC_OPTIMIZATION_LEVEL = 0;
				GCC_PREPROCESSOR_DEFINITIONS = (
					"DEBUG=1",
					"$(inherited)",
				);
				GCC_WARN_64_TO_32_BIT_CONVERSION = YES;
				GCC_WARN_ABOUT_RETURN_TYPE = YES_ERROR;
				GCC_WARN_UNDECLARED_SELECTOR = YES;
				GCC_WARN_UNINITIALIZED_AUTOS = YES_AGGRESSIVE;
				GCC_WARN_UNUSED_FUNCTION = YES;
				GCC_WARN_UNUSED_VARIABLE = YES;
				IPHONEOS_DEPLOYMENT_TARGET = 10.1;
				MTL_ENABLE_DEBUG_INFO = YES;
				ONLY_ACTIVE_ARCH = YES;
				SDKROOT = iphoneos;
			};
			name = Debug;
		};
		A616075E1DE80D6100EE498A /* Release */ = {
			isa = XCBuildConfiguration;
			buildSettings = {
				ALWAYS_SEARCH_USER_PATHS = NO;
				CLANG_ANALYZER_NONNULL = YES;
				CLANG_CXX_LANGUAGE_STANDARD = "gnu++0x";
				CLANG_CXX_LIBRARY = "libc++";
				CLANG_ENABLE_MODULES = YES;
				CLANG_ENABLE_OBJC_ARC = YES;
				CLANG_WARN_BOOL_CONVERSION = YES;
				CLANG_WARN_CONSTANT_CONVERSION = YES;
				CLANG_WARN_DIRECT_OBJC_ISA_USAGE = YES_ERROR;
				CLANG_WARN_DOCUMENTATION_COMMENTS = YES;
				CLANG_WARN_EMPTY_BODY = YES;
				CLANG_WARN_ENUM_CONVERSION = YES;
				CLANG_WARN_INFINITE_RECURSION = YES;
				CLANG_WARN_INT_CONVERSION = YES;
				CLANG_WARN_OBJC_ROOT_CLASS = YES_ERROR;
				CLANG_WARN_SUSPICIOUS_MOVE = YES;
				CLANG_WARN_SUSPICIOUS_MOVES = YES;
				CLANG_WARN_UNREACHABLE_CODE = YES;
				CLANG_WARN__DUPLICATE_METHOD_MATCH = YES;
				"CODE_SIGN_IDENTITY[sdk=iphoneos*]" = "iPhone Developer";
				COPY_PHASE_STRIP = NO;
				DEBUG_INFORMATION_FORMAT = "dwarf-with-dsym";
				ENABLE_NS_ASSERTIONS = NO;
				ENABLE_STRICT_OBJC_MSGSEND = YES;
				GCC_C_LANGUAGE_STANDARD = gnu99;
				GCC_NO_COMMON_BLOCKS = YES;
				GCC_WARN_64_TO_32_BIT_CONVERSION = YES;
				GCC_WARN_ABOUT_RETURN_TYPE = YES_ERROR;
				GCC_WARN_UNDECLARED_SELECTOR = YES;
				GCC_WARN_UNINITIALIZED_AUTOS = YES_AGGRESSIVE;
				GCC_WARN_UNUSED_FUNCTION = YES;
				GCC_WARN_UNUSED_VARIABLE = YES;
				IPHONEOS_DEPLOYMENT_TARGET = 10.1;
				MTL_ENABLE_DEBUG_INFO = NO;
				SDKROOT = iphoneos;
				VALIDATE_PRODUCT = YES;
			};
			name = Release;
		};
		A61607601DE80D6100EE498A /* Debug */ = {
			isa = XCBuildConfiguration;
			baseConfigurationReference = 2D5B9326331D9231E7F7714B /* Pods-GDHNetworkDemo.debug.xcconfig */;
			buildSettings = {
				ASSETCATALOG_COMPILER_APPICON_NAME = AppIcon;
				DEVELOPMENT_TEAM = XQAXV8H896;
				INFOPLIST_FILE = GDHNetworkDemo/Info.plist;
				IPHONEOS_DEPLOYMENT_TARGET = 8.0;
				LD_RUNPATH_SEARCH_PATHS = "$(inherited) @executable_path/Frameworks";
				PRODUCT_BUNDLE_IDENTIFIER = gf.GDHNetworkDemo;
				PRODUCT_NAME = "$(TARGET_NAME)";
			};
			name = Debug;
		};
		A61607611DE80D6100EE498A /* Release */ = {
			isa = XCBuildConfiguration;
			baseConfigurationReference = AF2090E7C3B09656ACD01AD1 /* Pods-GDHNetworkDemo.release.xcconfig */;
			buildSettings = {
				ASSETCATALOG_COMPILER_APPICON_NAME = AppIcon;
				DEVELOPMENT_TEAM = XQAXV8H896;
				INFOPLIST_FILE = GDHNetworkDemo/Info.plist;
				IPHONEOS_DEPLOYMENT_TARGET = 8.0;
				LD_RUNPATH_SEARCH_PATHS = "$(inherited) @executable_path/Frameworks";
				PRODUCT_BUNDLE_IDENTIFIER = gf.GDHNetworkDemo;
				PRODUCT_NAME = "$(TARGET_NAME)";
			};
			name = Release;
		};
		A61607631DE80D6100EE498A /* Debug */ = {
			isa = XCBuildConfiguration;
			buildSettings = {
				BUNDLE_LOADER = "$(TEST_HOST)";
				DEVELOPMENT_TEAM = XQAXV8H896;
				INFOPLIST_FILE = GDHNetworkDemoTests/Info.plist;
				LD_RUNPATH_SEARCH_PATHS = "$(inherited) @executable_path/Frameworks @loader_path/Frameworks";
				PRODUCT_BUNDLE_IDENTIFIER = gf.GDHNetworkDemoTests;
				PRODUCT_NAME = "$(TARGET_NAME)";
				TEST_HOST = "$(BUILT_PRODUCTS_DIR)/GDHNetworkDemo.app/GDHNetworkDemo";
			};
			name = Debug;
		};
		A61607641DE80D6100EE498A /* Release */ = {
			isa = XCBuildConfiguration;
			buildSettings = {
				BUNDLE_LOADER = "$(TEST_HOST)";
				DEVELOPMENT_TEAM = XQAXV8H896;
				INFOPLIST_FILE = GDHNetworkDemoTests/Info.plist;
				LD_RUNPATH_SEARCH_PATHS = "$(inherited) @executable_path/Frameworks @loader_path/Frameworks";
				PRODUCT_BUNDLE_IDENTIFIER = gf.GDHNetworkDemoTests;
				PRODUCT_NAME = "$(TARGET_NAME)";
				TEST_HOST = "$(BUILT_PRODUCTS_DIR)/GDHNetworkDemo.app/GDHNetworkDemo";
			};
			name = Release;
		};
		A61607661DE80D6100EE498A /* Debug */ = {
			isa = XCBuildConfiguration;
			buildSettings = {
				DEVELOPMENT_TEAM = XQAXV8H896;
				INFOPLIST_FILE = GDHNetworkDemoUITests/Info.plist;
				LD_RUNPATH_SEARCH_PATHS = "$(inherited) @executable_path/Frameworks @loader_path/Frameworks";
				PRODUCT_BUNDLE_IDENTIFIER = gf.GDHNetworkDemoUITests;
				PRODUCT_NAME = "$(TARGET_NAME)";
				TEST_TARGET_NAME = GDHNetworkDemo;
			};
			name = Debug;
		};
		A61607671DE80D6100EE498A /* Release */ = {
			isa = XCBuildConfiguration;
			buildSettings = {
				DEVELOPMENT_TEAM = XQAXV8H896;
				INFOPLIST_FILE = GDHNetworkDemoUITests/Info.plist;
				LD_RUNPATH_SEARCH_PATHS = "$(inherited) @executable_path/Frameworks @loader_path/Frameworks";
				PRODUCT_BUNDLE_IDENTIFIER = gf.GDHNetworkDemoUITests;
				PRODUCT_NAME = "$(TARGET_NAME)";
				TEST_TARGET_NAME = GDHNetworkDemo;
			};
			name = Release;
		};
/* End XCBuildConfiguration section */

/* Begin XCConfigurationList section */
		A616072D1DE80D6000EE498A /* Build configuration list for PBXProject "GDHNetworkDemo" */ = {
			isa = XCConfigurationList;
			buildConfigurations = (
				A616075D1DE80D6100EE498A /* Debug */,
				A616075E1DE80D6100EE498A /* Release */,
			);
			defaultConfigurationIsVisible = 0;
			defaultConfigurationName = Release;
		};
		A616075F1DE80D6100EE498A /* Build configuration list for PBXNativeTarget "GDHNetworkDemo" */ = {
			isa = XCConfigurationList;
			buildConfigurations = (
				A61607601DE80D6100EE498A /* Debug */,
				A61607611DE80D6100EE498A /* Release */,
			);
			defaultConfigurationIsVisible = 0;
			defaultConfigurationName = Release;
		};
		A61607621DE80D6100EE498A /* Build configuration list for PBXNativeTarget "GDHNetworkDemoTests" */ = {
			isa = XCConfigurationList;
			buildConfigurations = (
				A61607631DE80D6100EE498A /* Debug */,
				A61607641DE80D6100EE498A /* Release */,
			);
			defaultConfigurationIsVisible = 0;
			defaultConfigurationName = Release;
		};
		A61607651DE80D6100EE498A /* Build configuration list for PBXNativeTarget "GDHNetworkDemoUITests" */ = {
			isa = XCConfigurationList;
			buildConfigurations = (
				A61607661DE80D6100EE498A /* Debug */,
				A61607671DE80D6100EE498A /* Release */,
			);
			defaultConfigurationIsVisible = 0;
			defaultConfigurationName = Release;
		};
/* End XCConfigurationList section */
	};
	rootObject = A616072A1DE80D6000EE498A /* Project object */;
}
